
Microsoft Visual Studio Solution File, Format Version 12.00
# Visual Studio Version 16
VisualStudioVersion = 16.0.31205.134
MinimumVisualStudioVersion = 10.0.40219.1
Project("{8BC9CEB8-8B4A-11D0-8D11-00A0C91BC942}") = "PaladinsHack", "PaladinsHack\PaladinsHack.vcxproj", "{38615E7B-2999-42DB-A704-ED8E79B9A0B5}"
EndProject
Global
	GlobalSection(SolutionConfigurationPlatforms) = preSolution
		Debug|x64 = Debug|x64
		Debug|x86 = Debug|x86
		Release|x64 = Release|x64
		Release|x86 = Release|x86
	EndGlobalSection
	GlobalSection(ProjectConfigurationPlatforms) = postSolution
		{38615E7B-2999-42DB-A704-ED8E79B9A0B5}.Debug|x64.ActiveCfg = Debug|x64
		{38615E7B-2999-42DB-A704-ED8E79B9A0B5}.Debug|x64.Build.0 = Debug|x64
		{38615E7B-2999-42DB-A704-ED8E79B9A0B5}.Debug|x86.ActiveCfg = Debug|Win32
		{38615E7B-2999-42DB-A704-ED8E79B9A0B5}.Debug|x86.Build.0 = Debug|Win32
		{38615E7B-2999-42DB-A704-ED8E79B9A0B5}.Release|x64.ActiveCfg = Release|x64
		{38615E7B-2999-42DB-A704-ED8E79B9A0B5}.Release|x64.Build.0 = Release|x64
		{38615E7B-2999-42DB-A704-ED8E79B9A0B5}.Release|x86.ActiveCfg = Release|Win32
		{38615E7B-2999-42DB-A704-ED8E79B9A0B5}.Release|x86.Build.0 = Release|Win32
	EndGlobalSection
	GlobalSection(SolutionProperties) = preSolution
		HideSolutionNode = FALSE
	EndGlobalSection
	GlobalSection(ExtensibilityGlobals) = postSolution
		SolutionGuid = {9CBDC5DB-EE2A-4BF3-8678-ECF92361FFF1}
	EndGlobalSection
EndGlobal
